
Microsoft Visual Studio Solution File, Format Version 12.00
# Visual Studio Version 17
VisualStudioVersion = 17.8.34330.188
MinimumVisualStudioVersion = 10.0.40219.1
Project("{2150E333-8FDC-42A3-9474-1A3956D46DE8}") = "Src", "Src", "{670680BB-BAEA-4F44-938F-C622F18DCF8F}"
EndProject
Project("{2150E333-8FDC-42A3-9474-1A3956D46DE8}") = "1-Domain", "1-Domain", "{9420ABAC-B023-4623-AB47-8A7FEE8E69D3}"
EndProject
Project("{2150E333-8FDC-42A3-9474-1A3956D46DE8}") = "2-Infrastructures", "2-Infrastructures", "{C8D835EC-A87C-473F-AFCA-23F8FDC0B30F}"
EndProject
Project("{2150E333-8FDC-42A3-9474-1A3956D46DE8}") = "3-EndPoints", "3-EndPoints", "{1EF3378B-DE4A-48FE-A6C2-D708883C007E}"
EndProject
Project("{2150E333-8FDC-42A3-9474-1A3956D46DE8}") = "0-Frameworks", "0-Frameworks", "{18D8B6CB-1E2E-4897-B74A-4A2CC53AC605}"
EndProject
Project("{2150E333-8FDC-42A3-9474-1A3956D46DE8}") = "Core", "Core", "{8A6AFD3B-C30E-4C39-ADD5-9440B51BB8FE}"
EndProject
Project("{2150E333-8FDC-42A3-9474-1A3956D46DE8}") = "Services", "Services", "{67B57FBE-EE70-4419-858E-ABFE18B0794F}"
EndProject
Project("{9A19103F-16F7-4668-BE54-9A1E7A4F7556}") = "Help.Domain.Core", "Help.Domain.Core\Help.Domain.Core.csproj", "{E16999C4-FBEE-4B2B-929E-42A0934E38E6}"
EndProject
Project("{9A19103F-16F7-4668-BE54-9A1E7A4F7556}") = "Help.Domain.Services", "Help.Domain.Services\Help.Domain.Services.csproj", "{741FBFB2-7DFB-49C9-88AC-AD4751BF1EF3}"
EndProject
Project("{9A19103F-16F7-4668-BE54-9A1E7A4F7556}") = "Help.Domain.AppServices", "Help.Domain.AppServices\Help.Domain.AppServices.csproj", "{ABBAE40A-B0D4-439E-ABE5-FB900B0A9FE7}"
EndProject
Project("{2150E333-8FDC-42A3-9474-1A3956D46DE8}") = "DataAccess", "DataAccess", "{DB10E3E9-4958-4958-BD0A-E4D589E271AF}"
EndProject
Project("{2150E333-8FDC-42A3-9474-1A3956D46DE8}") = "DB", "DB", "{BAF55D69-BE98-4B3E-B5E8-A8044E7C7E84}"
EndProject
Project("{9A19103F-16F7-4668-BE54-9A1E7A4F7556}") = "Help.Infrastructure.DataAccess.Repos.EFCore", "Help.Infrastructure.DataAccess.Repos.EFCore\Help.Infrastructure.DataAccess.Repos.EFCore.csproj", "{D4BD5A27-959D-4293-9CE3-85BB62F0AD36}"
EndProject
Project("{9A19103F-16F7-4668-BE54-9A1E7A4F7556}") = "Help.Infrastructure.DB.SqlServer.EFCore", "Help.Infrastructure.DB.SqlServer.EFCore\Help.Infrastructure.DB.SqlServer.EFCore.csproj", "{3FA7B1A1-8B6A-4973-A658-8DFDAF5EC18A}"
EndProject
Project("{9A19103F-16F7-4668-BE54-9A1E7A4F7556}") = "Base_Framework", "Base_Framework\Base_Framework.csproj", "{59DEDB14-D507-41BB-885D-7C1036B16390}"
EndProject
Project("{FAE04EC0-301F-11D3-BF4B-00C04F79EFBC}") = "Help.EndPoints.MVC", "Help.EndPoints.MVC\Help.EndPoints.MVC.csproj", "{37965104-58A4-49E7-AC72-15A0B212393E}"
EndProject
Global
	GlobalSection(SolutionConfigurationPlatforms) = preSolution
		Debug|Any CPU = Debug|Any CPU
		Release|Any CPU = Release|Any CPU
	EndGlobalSection
	GlobalSection(ProjectConfigurationPlatforms) = postSolution
		{E16999C4-FBEE-4B2B-929E-42A0934E38E6}.Debug|Any CPU.ActiveCfg = Debug|Any CPU
		{E16999C4-FBEE-4B2B-929E-42A0934E38E6}.Debug|Any CPU.Build.0 = Debug|Any CPU
		{E16999C4-FBEE-4B2B-929E-42A0934E38E6}.Release|Any CPU.ActiveCfg = Release|Any CPU
		{E16999C4-FBEE-4B2B-929E-42A0934E38E6}.Release|Any CPU.Build.0 = Release|Any CPU
		{741FBFB2-7DFB-49C9-88AC-AD4751BF1EF3}.Debug|Any CPU.ActiveCfg = Debug|Any CPU
		{741FBFB2-7DFB-49C9-88AC-AD4751BF1EF3}.Debug|Any CPU.Build.0 = Debug|Any CPU
		{741FBFB2-7DFB-49C9-88AC-AD4751BF1EF3}.Release|Any CPU.ActiveCfg = Release|Any CPU
		{741FBFB2-7DFB-49C9-88AC-AD4751BF1EF3}.Release|Any CPU.Build.0 = Release|Any CPU
		{ABBAE40A-B0D4-439E-ABE5-FB900B0A9FE7}.Debug|Any CPU.ActiveCfg = Debug|Any CPU
		{ABBAE40A-B0D4-439E-ABE5-FB900B0A9FE7}.Debug|Any CPU.Build.0 = Debug|Any CPU
		{ABBAE40A-B0D4-439E-ABE5-FB900B0A9FE7}.Release|Any CPU.ActiveCfg = Release|Any CPU
		{ABBAE40A-B0D4-439E-ABE5-FB900B0A9FE7}.Release|Any CPU.Build.0 = Release|Any CPU
		{D4BD5A27-959D-4293-9CE3-85BB62F0AD36}.Debug|Any CPU.ActiveCfg = Debug|Any CPU
		{D4BD5A27-959D-4293-9CE3-85BB62F0AD36}.Debug|Any CPU.Build.0 = Debug|Any CPU
		{D4BD5A27-959D-4293-9CE3-85BB62F0AD36}.Release|Any CPU.ActiveCfg = Release|Any CPU
		{D4BD5A27-959D-4293-9CE3-85BB62F0AD36}.Release|Any CPU.Build.0 = Release|Any CPU
		{3FA7B1A1-8B6A-4973-A658-8DFDAF5EC18A}.Debug|Any CPU.ActiveCfg = Debug|Any CPU
		{3FA7B1A1-8B6A-4973-A658-8DFDAF5EC18A}.Debug|Any CPU.Build.0 = Debug|Any CPU
		{3FA7B1A1-8B6A-4973-A658-8DFDAF5EC18A}.Release|Any CPU.ActiveCfg = Release|Any CPU
		{3FA7B1A1-8B6A-4973-A658-8DFDAF5EC18A}.Release|Any CPU.Build.0 = Release|Any CPU
		{59DEDB14-D507-41BB-885D-7C1036B16390}.Debug|Any CPU.ActiveCfg = Debug|Any CPU
		{59DEDB14-D507-41BB-885D-7C1036B16390}.Debug|Any CPU.Build.0 = Debug|Any CPU
		{59DEDB14-D507-41BB-885D-7C1036B16390}.Release|Any CPU.ActiveCfg = Release|Any CPU
		{59DEDB14-D507-41BB-885D-7C1036B16390}.Release|Any CPU.Build.0 = Release|Any CPU
		{37965104-58A4-49E7-AC72-15A0B212393E}.Debug|Any CPU.ActiveCfg = Debug|Any CPU
		{37965104-58A4-49E7-AC72-15A0B212393E}.Debug|Any CPU.Build.0 = Debug|Any CPU
		{37965104-58A4-49E7-AC72-15A0B212393E}.Release|Any CPU.ActiveCfg = Release|Any CPU
		{37965104-58A4-49E7-AC72-15A0B212393E}.Release|Any CPU.Build.0 = Release|Any CPU
	EndGlobalSection
	GlobalSection(SolutionProperties) = preSolution
		HideSolutionNode = FALSE
	EndGlobalSection
	GlobalSection(NestedProjects) = preSolution
		{9420ABAC-B023-4623-AB47-8A7FEE8E69D3} = {670680BB-BAEA-4F44-938F-C622F18DCF8F}
		{C8D835EC-A87C-473F-AFCA-23F8FDC0B30F} = {670680BB-BAEA-4F44-938F-C622F18DCF8F}
		{1EF3378B-DE4A-48FE-A6C2-D708883C007E} = {670680BB-BAEA-4F44-938F-C622F18DCF8F}
		{18D8B6CB-1E2E-4897-B74A-4A2CC53AC605} = {670680BB-BAEA-4F44-938F-C622F18DCF8F}
		{8A6AFD3B-C30E-4C39-ADD5-9440B51BB8FE} = {9420ABAC-B023-4623-AB47-8A7FEE8E69D3}
		{67B57FBE-EE70-4419-858E-ABFE18B0794F} = {9420ABAC-B023-4623-AB47-8A7FEE8E69D3}
		{E16999C4-FBEE-4B2B-929E-42A0934E38E6} = {8A6AFD3B-C30E-4C39-ADD5-9440B51BB8FE}
		{741FBFB2-7DFB-49C9-88AC-AD4751BF1EF3} = {67B57FBE-EE70-4419-858E-ABFE18B0794F}
		{ABBAE40A-B0D4-439E-ABE5-FB900B0A9FE7} = {67B57FBE-EE70-4419-858E-ABFE18B0794F}
		{DB10E3E9-4958-4958-BD0A-E4D589E271AF} = {C8D835EC-A87C-473F-AFCA-23F8FDC0B30F}
		{BAF55D69-BE98-4B3E-B5E8-A8044E7C7E84} = {C8D835EC-A87C-473F-AFCA-23F8FDC0B30F}
		{D4BD5A27-959D-4293-9CE3-85BB62F0AD36} = {DB10E3E9-4958-4958-BD0A-E4D589E271AF}
		{3FA7B1A1-8B6A-4973-A658-8DFDAF5EC18A} = {BAF55D69-BE98-4B3E-B5E8-A8044E7C7E84}
		{59DEDB14-D507-41BB-885D-7C1036B16390} = {18D8B6CB-1E2E-4897-B74A-4A2CC53AC605}
		{37965104-58A4-49E7-AC72-15A0B212393E} = {1EF3378B-DE4A-48FE-A6C2-D708883C007E}
	EndGlobalSection
	GlobalSection(ExtensibilityGlobals) = postSolution
		SolutionGuid = {F43F0F8E-A91F-4731-9D86-48431A0939D0}
	EndGlobalSection
EndGlobal
